// !$*UTF8*$!
{
	archiveVersion = 1;
	classes = {
	};
	objectVersion = 55;
	objects = {

/* Begin PBXBuildFile section */
		AB9D6E02281A8E14007D1535 /* PASTArtApp.swift in Sources */ = {isa = PBXBuildFile; fileRef = AB9D6E01281A8E14007D1535 /* PASTArtApp.swift */; };
		AB9D6E04281A8E14007D1535 /* PreconfigurationView.swift in Sources */ = {isa = PBXBuildFile; fileRef = AB9D6E03281A8E14007D1535 /* PreconfigurationView.swift */; };
		AB9D6E06281A8E16007D1535 /* Assets.xcassets in Resources */ = {isa = PBXBuildFile; fileRef = AB9D6E05281A8E16007D1535 /* Assets.xcassets */; };
		AB9D6E09281A8E16007D1535 /* Preview Assets.xcassets in Resources */ = {isa = PBXBuildFile; fileRef = AB9D6E08281A8E16007D1535 /* Preview Assets.xcassets */; };
		AB9D6E10281A90DD007D1535 /* RecipeCard.swift in Sources */ = {isa = PBXBuildFile; fileRef = AB9D6E0F281A90DD007D1535 /* RecipeCard.swift */; };
		AB9D6E12281AB6B7007D1535 /* PastaDetailInfo.swift in Sources */ = {isa = PBXBuildFile; fileRef = AB9D6E11281AB6B7007D1535 /* PastaDetailInfo.swift */; };
		AB9D6E17281CF8A7007D1535 /* AppState.swift in Sources */ = {isa = PBXBuildFile; fileRef = AB9D6E16281CF8A7007D1535 /* AppState.swift */; };
		AB9D6E19281CF8D9007D1535 /* AppActions.swift in Sources */ = {isa = PBXBuildFile; fileRef = AB9D6E18281CF8D9007D1535 /* AppActions.swift */; };
		AB9D6E1B281CF902007D1535 /* Reducers.swift in Sources */ = {isa = PBXBuildFile; fileRef = AB9D6E1A281CF902007D1535 /* Reducers.swift */; };
		AB9D6E1D281CF988007D1535 /* AppStore.swift in Sources */ = {isa = PBXBuildFile; fileRef = AB9D6E1C281CF988007D1535 /* AppStore.swift */; };
		AB9D6E1F281CFB76007D1535 /* CookingConfigAndGuideView.swift in Sources */ = {isa = PBXBuildFile; fileRef = AB9D6E1E281CFB76007D1535 /* CookingConfigAndGuideView.swift */; };
		AB9D6E23281E5887007D1535 /* CookingAmountConfigButtonsView.swift in Sources */ = {isa = PBXBuildFile; fileRef = AB9D6E22281E5887007D1535 /* CookingAmountConfigButtonsView.swift */; };
		AB9D6E25281E5941007D1535 /* CookingNoodleConfigPickerView.swift in Sources */ = {isa = PBXBuildFile; fileRef = AB9D6E24281E5941007D1535 /* CookingNoodleConfigPickerView.swift */; };
		AB9D6E27281E5996007D1535 /* CookLevelConfigButtonsView.swift in Sources */ = {isa = PBXBuildFile; fileRef = AB9D6E26281E5996007D1535 /* CookLevelConfigButtonsView.swift */; };
		ABB15A9E281EA26A00A7AB3F /* CookingGuideView.swift in Sources */ = {isa = PBXBuildFile; fileRef = ABB15A9D281EA26A00A7AB3F /* CookingGuideView.swift */; };
		ABB15AA2281F62BA00A7AB3F /* Colors.swift in Sources */ = {isa = PBXBuildFile; fileRef = ABB15AA1281F62BA00A7AB3F /* Colors.swift */; };
		ABB15AA4281FAEBF00A7AB3F /* StartCookingButton.swift in Sources */ = {isa = PBXBuildFile; fileRef = ABB15AA3281FAEBF00A7AB3F /* StartCookingButton.swift */; };
		ABB15AA6281FBE8100A7AB3F /* Enum.swift in Sources */ = {isa = PBXBuildFile; fileRef = ABB15AA5281FBE8100A7AB3F /* Enum.swift */; };
		ABB15AAA2821171E00A7AB3F /* CookTimers.swift in Sources */ = {isa = PBXBuildFile; fileRef = ABB15AA92821171E00A7AB3F /* CookTimers.swift */; };
		ABB15AAC282141FD00A7AB3F /* CookingGuideCarousel.swift in Sources */ = {isa = PBXBuildFile; fileRef = ABB15AAB282141FD00A7AB3F /* CookingGuideCarousel.swift */; };
		ABB15AAE28214F9F00A7AB3F /* Recipes.swift in Sources */ = {isa = PBXBuildFile; fileRef = ABB15AAD28214F9F00A7AB3F /* Recipes.swift */; };
		ABB15AB12821558800A7AB3F /* CookingGuideCard.swift in Sources */ = {isa = PBXBuildFile; fileRef = ABB15AB02821558800A7AB3F /* CookingGuideCard.swift */; };
		ABB15AB328215D8A00A7AB3F /* fryingOnion.mp4 in Resources */ = {isa = PBXBuildFile; fileRef = ABB15AB228215D8A00A7AB3F /* fryingOnion.mp4 */; };
		ABB15AB628224C0C00A7AB3F /* TimerConfig.swift in Sources */ = {isa = PBXBuildFile; fileRef = ABB15AB528224C0C00A7AB3F /* TimerConfig.swift */; };
/* End PBXBuildFile section */

/* Begin PBXFileReference section */
		AB9D6DFE281A8E14007D1535 /* PASTArt.app */ = {isa = PBXFileReference; explicitFileType = wrapper.application; includeInIndex = 0; path = PASTArt.app; sourceTree = BUILT_PRODUCTS_DIR; };
		AB9D6E01281A8E14007D1535 /* PASTArtApp.swift */ = {isa = PBXFileReference; lastKnownFileType = sourcecode.swift; path = PASTArtApp.swift; sourceTree = "<group>"; };
		AB9D6E03281A8E14007D1535 /* PreconfigurationView.swift */ = {isa = PBXFileReference; lastKnownFileType = sourcecode.swift; path = PreconfigurationView.swift; sourceTree = "<group>"; };
		AB9D6E05281A8E16007D1535 /* Assets.xcassets */ = {isa = PBXFileReference; lastKnownFileType = folder.assetcatalog; path = Assets.xcassets; sourceTree = "<group>"; };
		AB9D6E08281A8E16007D1535 /* Preview Assets.xcassets */ = {isa = PBXFileReference; lastKnownFileType = folder.assetcatalog; path = "Preview Assets.xcassets"; sourceTree = "<group>"; };
		AB9D6E0F281A90DD007D1535 /* RecipeCard.swift */ = {isa = PBXFileReference; lastKnownFileType = sourcecode.swift; path = RecipeCard.swift; sourceTree = "<group>"; };
		AB9D6E11281AB6B7007D1535 /* PastaDetailInfo.swift */ = {isa = PBXFileReference; lastKnownFileType = sourcecode.swift; path = PastaDetailInfo.swift; sourceTree = "<group>"; };
		AB9D6E16281CF8A7007D1535 /* AppState.swift */ = {isa = PBXFileReference; lastKnownFileType = sourcecode.swift; path = AppState.swift; sourceTree = "<group>"; };
		AB9D6E18281CF8D9007D1535 /* AppActions.swift */ = {isa = PBXFileReference; lastKnownFileType = sourcecode.swift; path = AppActions.swift; sourceTree = "<group>"; };
		AB9D6E1A281CF902007D1535 /* Reducers.swift */ = {isa = PBXFileReference; lastKnownFileType = sourcecode.swift; path = Reducers.swift; sourceTree = "<group>"; };
		AB9D6E1C281CF988007D1535 /* AppStore.swift */ = {isa = PBXFileReference; lastKnownFileType = sourcecode.swift; path = AppStore.swift; sourceTree = "<group>"; };
		AB9D6E1E281CFB76007D1535 /* CookingConfigAndGuideView.swift */ = {isa = PBXFileReference; lastKnownFileType = sourcecode.swift; path = CookingConfigAndGuideView.swift; sourceTree = "<group>"; };
		AB9D6E22281E5887007D1535 /* CookingAmountConfigButtonsView.swift */ = {isa = PBXFileReference; lastKnownFileType = sourcecode.swift; path = CookingAmountConfigButtonsView.swift; sourceTree = "<group>"; };
		AB9D6E24281E5941007D1535 /* CookingNoodleConfigPickerView.swift */ = {isa = PBXFileReference; lastKnownFileType = sourcecode.swift; path = CookingNoodleConfigPickerView.swift; sourceTree = "<group>"; };
		AB9D6E26281E5996007D1535 /* CookLevelConfigButtonsView.swift */ = {isa = PBXFileReference; lastKnownFileType = sourcecode.swift; path = CookLevelConfigButtonsView.swift; sourceTree = "<group>"; };
		ABB15A9D281EA26A00A7AB3F /* CookingGuideView.swift */ = {isa = PBXFileReference; lastKnownFileType = sourcecode.swift; path = CookingGuideView.swift; sourceTree = "<group>"; };
		ABB15AA1281F62BA00A7AB3F /* Colors.swift */ = {isa = PBXFileReference; lastKnownFileType = sourcecode.swift; path = Colors.swift; sourceTree = "<group>"; };
		ABB15AA3281FAEBF00A7AB3F /* StartCookingButton.swift */ = {isa = PBXFileReference; lastKnownFileType = sourcecode.swift; path = StartCookingButton.swift; sourceTree = "<group>"; };
		ABB15AA5281FBE8100A7AB3F /* Enum.swift */ = {isa = PBXFileReference; lastKnownFileType = sourcecode.swift; path = Enum.swift; sourceTree = "<group>"; };
		ABB15AA92821171E00A7AB3F /* CookTimers.swift */ = {isa = PBXFileReference; lastKnownFileType = sourcecode.swift; path = CookTimers.swift; sourceTree = "<group>"; };
		ABB15AAB282141FD00A7AB3F /* CookingGuideCarousel.swift */ = {isa = PBXFileReference; lastKnownFileType = sourcecode.swift; path = CookingGuideCarousel.swift; sourceTree = "<group>"; };
		ABB15AAD28214F9F00A7AB3F /* Recipes.swift */ = {isa = PBXFileReference; lastKnownFileType = sourcecode.swift; path = Recipes.swift; sourceTree = "<group>"; };
		ABB15AB02821558800A7AB3F /* CookingGuideCard.swift */ = {isa = PBXFileReference; lastKnownFileType = sourcecode.swift; path = CookingGuideCard.swift; sourceTree = "<group>"; };
		ABB15AB228215D8A00A7AB3F /* fryingOnion.mp4 */ = {isa = PBXFileReference; lastKnownFileType = file; path = fryingOnion.mp4; sourceTree = "<group>"; };
		ABB15AB528224C0C00A7AB3F /* TimerConfig.swift */ = {isa = PBXFileReference; lastKnownFileType = sourcecode.swift; path = TimerConfig.swift; sourceTree = "<group>"; };
/* End PBXFileReference section */

/* Begin PBXFrameworksBuildPhase section */
		AB9D6DFB281A8E14007D1535 /* Frameworks */ = {
			isa = PBXFrameworksBuildPhase;
			buildActionMask = 2147483647;
			files = (
			);
			runOnlyForDeploymentPostprocessing = 0;
		};
/* End PBXFrameworksBuildPhase section */

/* Begin PBXGroup section */
		AB9D6DF5281A8E14007D1535 = {
			isa = PBXGroup;
			children = (
				AB9D6E00281A8E14007D1535 /* PASTArt */,
				AB9D6DFF281A8E14007D1535 /* Products */,
			);
			sourceTree = "<group>";
		};
		AB9D6DFF281A8E14007D1535 /* Products */ = {
			isa = PBXGroup;
			children = (
				AB9D6DFE281A8E14007D1535 /* PASTArt.app */,
			);
			name = Products;
			sourceTree = "<group>";
		};
		AB9D6E00281A8E14007D1535 /* PASTArt */ = {
			isa = PBXGroup;
			children = (
				ABB15AAF28214FF100A7AB3F /* Resource */,
				ABB15AA0281F62A600A7AB3F /* Extensions */,
				ABB15A9F281F628F00A7AB3F /* Constants */,
				AB9D6E01281A8E14007D1535 /* PASTArtApp.swift */,
				AB9D6E13281BC71D007D1535 /* Model */,
				AB9D6E15281CE198007D1535 /* State */,
				AB9D6E14281CE15A007D1535 /* Views */,
				AB9D6E07281A8E16007D1535 /* Preview Content */,
			);
			path = PASTArt;
			sourceTree = "<group>";
		};
		AB9D6E07281A8E16007D1535 /* Preview Content */ = {
			isa = PBXGroup;
			children = (
				AB9D6E08281A8E16007D1535 /* Preview Assets.xcassets */,
			);
			path = "Preview Content";
			sourceTree = "<group>";
		};
		AB9D6E13281BC71D007D1535 /* Model */ = {
			isa = PBXGroup;
			children = (
				AB9D6E11281AB6B7007D1535 /* PastaDetailInfo.swift */,
				AB9D6E0F281A90DD007D1535 /* RecipeCard.swift */,
				ABB15AB528224C0C00A7AB3F /* TimerConfig.swift */,
			);
			path = Model;
			sourceTree = "<group>";
		};
		AB9D6E14281CE15A007D1535 /* Views */ = {
			isa = PBXGroup;
			children = (
				AB9D6E1E281CFB76007D1535 /* CookingConfigAndGuideView.swift */,
				AB9D6E20281E584E007D1535 /* Preconfiguration */,
				ABB15A9C281EA23D00A7AB3F /* Cooking */,
			);
			path = Views;
			sourceTree = "<group>";
		};
		AB9D6E15281CE198007D1535 /* State */ = {
			isa = PBXGroup;
			children = (
				AB9D6E16281CF8A7007D1535 /* AppState.swift */,
				AB9D6E18281CF8D9007D1535 /* AppActions.swift */,
				AB9D6E1A281CF902007D1535 /* Reducers.swift */,
				AB9D6E1C281CF988007D1535 /* AppStore.swift */,
			);
			path = State;
			sourceTree = "<group>";
		};
		AB9D6E20281E584E007D1535 /* Preconfiguration */ = {
			isa = PBXGroup;
			children = (
				AB9D6E03281A8E14007D1535 /* PreconfigurationView.swift */,
				AB9D6E21281E585F007D1535 /* Components */,
			);
			path = Preconfiguration;
			sourceTree = "<group>";
		};
		AB9D6E21281E585F007D1535 /* Components */ = {
			isa = PBXGroup;
			children = (
				AB9D6E22281E5887007D1535 /* CookingAmountConfigButtonsView.swift */,
				AB9D6E24281E5941007D1535 /* CookingNoodleConfigPickerView.swift */,
				AB9D6E26281E5996007D1535 /* CookLevelConfigButtonsView.swift */,
				ABB15AA3281FAEBF00A7AB3F /* StartCookingButton.swift */,
			);
			path = Components;
			sourceTree = "<group>";
		};
		ABB15A9C281EA23D00A7AB3F /* Cooking */ = {
			isa = PBXGroup;
			children = (
				ABB15A9D281EA26A00A7AB3F /* CookingGuideView.swift */,
				ABB15AA82821170500A7AB3F /* Components */,
			);
			path = Cooking;
			sourceTree = "<group>";
		};
		ABB15A9F281F628F00A7AB3F /* Constants */ = {
			isa = PBXGroup;
			children = (
				ABB15AA1281F62BA00A7AB3F /* Colors.swift */,
			);
			path = Constants;
			sourceTree = "<group>";
		};
		ABB15AA0281F62A600A7AB3F /* Extensions */ = {
			isa = PBXGroup;
			children = (
				ABB15AA5281FBE8100A7AB3F /* Enum.swift */,
			);
			path = Extensions;
			sourceTree = "<group>";
		};
		ABB15AA82821170500A7AB3F /* Components */ = {
			isa = PBXGroup;
			children = (
				ABB15AA92821171E00A7AB3F /* CookTimers.swift */,
				ABB15AAB282141FD00A7AB3F /* CookingGuideCarousel.swift */,
				ABB15AB02821558800A7AB3F /* CookingGuideCard.swift */,
			);
			path = Components;
			sourceTree = "<group>";
		};
		ABB15AAF28214FF100A7AB3F /* Resource */ = {
			isa = PBXGroup;
			children = (
				ABB15AB428215E0C00A7AB3F /* vedios */,
				AB9D6E05281A8E16007D1535 /* Assets.xcassets */,
				ABB15AAD28214F9F00A7AB3F /* Recipes.swift */,
			);
			path = Resource;
			sourceTree = "<group>";
		};
		ABB15AB428215E0C00A7AB3F /* vedios */ = {
			isa = PBXGroup;
			children = (
				ABB15AB228215D8A00A7AB3F /* fryingOnion.mp4 */,
			);
			path = vedios;
			sourceTree = "<group>";
		};
/* End PBXGroup section */

/* Begin PBXNativeTarget section */
		AB9D6DFD281A8E14007D1535 /* PASTArt */ = {
			isa = PBXNativeTarget;
			buildConfigurationList = AB9D6E0C281A8E16007D1535 /* Build configuration list for PBXNativeTarget "PASTArt" */;
			buildPhases = (
				AB9D6DFA281A8E14007D1535 /* Sources */,
				AB9D6DFB281A8E14007D1535 /* Frameworks */,
				AB9D6DFC281A8E14007D1535 /* Resources */,
			);
			buildRules = (
			);
			dependencies = (
			);
			name = PASTArt;
			productName = PASTArt;
			productReference = AB9D6DFE281A8E14007D1535 /* PASTArt.app */;
			productType = "com.apple.product-type.application";
		};
/* End PBXNativeTarget section */

/* Begin PBXProject section */
		AB9D6DF6281A8E14007D1535 /* Project object */ = {
			isa = PBXProject;
			attributes = {
				BuildIndependentTargetsInParallel = 1;
				LastSwiftUpdateCheck = 1330;
				LastUpgradeCheck = 1330;
				TargetAttributes = {
					AB9D6DFD281A8E14007D1535 = {
						CreatedOnToolsVersion = 13.3.1;
					};
				};
			};
			buildConfigurationList = AB9D6DF9281A8E14007D1535 /* Build configuration list for PBXProject "PASTArt" */;
			compatibilityVersion = "Xcode 13.0";
			developmentRegion = en;
			hasScannedForEncodings = 0;
			knownRegions = (
				en,
				Base,
			);
			mainGroup = AB9D6DF5281A8E14007D1535;
			productRefGroup = AB9D6DFF281A8E14007D1535 /* Products */;
			projectDirPath = "";
			projectRoot = "";
			targets = (
				AB9D6DFD281A8E14007D1535 /* PASTArt */,
			);
		};
/* End PBXProject section */

/* Begin PBXResourcesBuildPhase section */
		AB9D6DFC281A8E14007D1535 /* Resources */ = {
			isa = PBXResourcesBuildPhase;
			buildActionMask = 2147483647;
			files = (
				ABB15AB328215D8A00A7AB3F /* fryingOnion.mp4 in Resources */,
				AB9D6E09281A8E16007D1535 /* Preview Assets.xcassets in Resources */,
				AB9D6E06281A8E16007D1535 /* Assets.xcassets in Resources */,
			);
			runOnlyForDeploymentPostprocessing = 0;
		};
/* End PBXResourcesBuildPhase section */

/* Begin PBXSourcesBuildPhase section */
		AB9D6DFA281A8E14007D1535 /* Sources */ = {
			isa = PBXSourcesBuildPhase;
			buildActionMask = 2147483647;
			files = (
				AB9D6E04281A8E14007D1535 /* PreconfigurationView.swift in Sources */,
				AB9D6E17281CF8A7007D1535 /* AppState.swift in Sources */,
				AB9D6E27281E5996007D1535 /* CookLevelConfigButtonsView.swift in Sources */,
				ABB15AA2281F62BA00A7AB3F /* Colors.swift in Sources */,
				AB9D6E02281A8E14007D1535 /* PASTArtApp.swift in Sources */,
				AB9D6E10281A90DD007D1535 /* RecipeCard.swift in Sources */,
				AB9D6E12281AB6B7007D1535 /* PastaDetailInfo.swift in Sources */,
				ABB15AB628224C0C00A7AB3F /* TimerConfig.swift in Sources */,
				ABB15AAC282141FD00A7AB3F /* CookingGuideCarousel.swift in Sources */,
				AB9D6E1F281CFB76007D1535 /* CookingConfigAndGuideView.swift in Sources */,
				AB9D6E19281CF8D9007D1535 /* AppActions.swift in Sources */,
				ABB15A9E281EA26A00A7AB3F /* CookingGuideView.swift in Sources */,
				ABB15AAE28214F9F00A7AB3F /* Recipes.swift in Sources */,
				ABB15AAA2821171E00A7AB3F /* CookTimers.swift in Sources */,
				ABB15AA6281FBE8100A7AB3F /* Enum.swift in Sources */,
				AB9D6E1B281CF902007D1535 /* Reducers.swift in Sources */,
				AB9D6E25281E5941007D1535 /* CookingNoodleConfigPickerView.swift in Sources */,
				ABB15AA4281FAEBF00A7AB3F /* StartCookingButton.swift in Sources */,
				AB9D6E1D281CF988007D1535 /* AppStore.swift in Sources */,
				AB9D6E23281E5887007D1535 /* CookingAmountConfigButtonsView.swift in Sources */,
				ABB15AB12821558800A7AB3F /* CookingGuideCard.swift in Sources */,
			);
			runOnlyForDeploymentPostprocessing = 0;
		};
/* End PBXSourcesBuildPhase section */

/* Begin XCBuildConfiguration section */
		AB9D6E0A281A8E16007D1535 /* Debug */ = {
			isa = XCBuildConfiguration;
			buildSettings = {
				ALWAYS_SEARCH_USER_PATHS = NO;
				CLANG_ANALYZER_NONNULL = YES;
				CLANG_ANALYZER_NUMBER_OBJECT_CONVERSION = YES_AGGRESSIVE;
				CLANG_CXX_LANGUAGE_STANDARD = "gnu++17";
				CLANG_ENABLE_MODULES = YES;
				CLANG_ENABLE_OBJC_ARC = YES;
				CLANG_ENABLE_OBJC_WEAK = YES;
				CLANG_WARN_BLOCK_CAPTURE_AUTORELEASING = YES;
				CLANG_WARN_BOOL_CONVERSION = YES;
				CLANG_WARN_COMMA = YES;
				CLANG_WARN_CONSTANT_CONVERSION = YES;
				CLANG_WARN_DEPRECATED_OBJC_IMPLEMENTATIONS = YES;
				CLANG_WARN_DIRECT_OBJC_ISA_USAGE = YES_ERROR;
				CLANG_WARN_DOCUMENTATION_COMMENTS = YES;
				CLANG_WARN_EMPTY_BODY = YES;
				CLANG_WARN_ENUM_CONVERSION = YES;
				CLANG_WARN_INFINITE_RECURSION = YES;
				CLANG_WARN_INT_CONVERSION = YES;
				CLANG_WARN_NON_LITERAL_NULL_CONVERSION = YES;
				CLANG_WARN_OBJC_IMPLICIT_RETAIN_SELF = YES;
				CLANG_WARN_OBJC_LITERAL_CONVERSION = YES;
				CLANG_WARN_OBJC_ROOT_CLASS = YES_ERROR;
				CLANG_WARN_QUOTED_INCLUDE_IN_FRAMEWORK_HEADER = YES;
				CLANG_WARN_RANGE_LOOP_ANALYSIS = YES;
				CLANG_WARN_STRICT_PROTOTYPES = YES;
				CLANG_WARN_SUSPICIOUS_MOVE = YES;
				CLANG_WARN_UNGUARDED_AVAILABILITY = YES_AGGRESSIVE;
				CLANG_WARN_UNREACHABLE_CODE = YES;
				CLANG_WARN__DUPLICATE_METHOD_MATCH = YES;
				COPY_PHASE_STRIP = NO;
				DEBUG_INFORMATION_FORMAT = dwarf;
				ENABLE_STRICT_OBJC_MSGSEND = YES;
				ENABLE_TESTABILITY = YES;
				GCC_C_LANGUAGE_STANDARD = gnu11;
				GCC_DYNAMIC_NO_PIC = NO;
				GCC_NO_COMMON_BLOCKS = YES;
				GCC_OPTIMIZATION_LEVEL = 0;
				GCC_PREPROCESSOR_DEFINITIONS = (
					"DEBUG=1",
					"$(inherited)",
				);
				GCC_WARN_64_TO_32_BIT_CONVERSION = YES;
				GCC_WARN_ABOUT_RETURN_TYPE = YES_ERROR;
				GCC_WARN_UNDECLARED_SELECTOR = YES;
				GCC_WARN_UNINITIALIZED_AUTOS = YES_AGGRESSIVE;
				GCC_WARN_UNUSED_FUNCTION = YES;
				GCC_WARN_UNUSED_VARIABLE = YES;
				IPHONEOS_DEPLOYMENT_TARGET = 15.4;
				MTL_ENABLE_DEBUG_INFO = INCLUDE_SOURCE;
				MTL_FAST_MATH = YES;
				ONLY_ACTIVE_ARCH = YES;
				SDKROOT = iphoneos;
				SWIFT_ACTIVE_COMPILATION_CONDITIONS = DEBUG;
				SWIFT_OPTIMIZATION_LEVEL = "-Onone";
			};
			name = Debug;
		};
		AB9D6E0B281A8E16007D1535 /* Release */ = {
			isa = XCBuildConfiguration;
			buildSettings = {
				ALWAYS_SEARCH_USER_PATHS = NO;
				CLANG_ANALYZER_NONNULL = YES;
				CLANG_ANALYZER_NUMBER_OBJECT_CONVERSION = YES_AGGRESSIVE;
				CLANG_CXX_LANGUAGE_STANDARD = "gnu++17";
				CLANG_ENABLE_MODULES = YES;
				CLANG_ENABLE_OBJC_ARC = YES;
				CLANG_ENABLE_OBJC_WEAK = YES;
				CLANG_WARN_BLOCK_CAPTURE_AUTORELEASING = YES;
				CLANG_WARN_BOOL_CONVERSION = YES;
				CLANG_WARN_COMMA = YES;
				CLANG_WARN_CONSTANT_CONVERSION = YES;
				CLANG_WARN_DEPRECATED_OBJC_IMPLEMENTATIONS = YES;
				CLANG_WARN_DIRECT_OBJC_ISA_USAGE = YES_ERROR;
				CLANG_WARN_DOCUMENTATION_COMMENTS = YES;
				CLANG_WARN_EMPTY_BODY = YES;
				CLANG_WARN_ENUM_CONVERSION = YES;
				CLANG_WARN_INFINITE_RECURSION = YES;
				CLANG_WARN_INT_CONVERSION = YES;
				CLANG_WARN_NON_LITERAL_NULL_CONVERSION = YES;
				CLANG_WARN_OBJC_IMPLICIT_RETAIN_SELF = YES;
				CLANG_WARN_OBJC_LITERAL_CONVERSION = YES;
				CLANG_WARN_OBJC_ROOT_CLASS = YES_ERROR;
				CLANG_WARN_QUOTED_INCLUDE_IN_FRAMEWORK_HEADER = YES;
				CLANG_WARN_RANGE_LOOP_ANALYSIS = YES;
				CLANG_WARN_STRICT_PROTOTYPES = YES;
				CLANG_WARN_SUSPICIOUS_MOVE = YES;
				CLANG_WARN_UNGUARDED_AVAILABILITY = YES_AGGRESSIVE;
				CLANG_WARN_UNREACHABLE_CODE = YES;
				CLANG_WARN__DUPLICATE_METHOD_MATCH = YES;
				COPY_PHASE_STRIP = NO;
				DEBUG_INFORMATION_FORMAT = "dwarf-with-dsym";
				ENABLE_NS_ASSERTIONS = NO;
				ENABLE_STRICT_OBJC_MSGSEND = YES;
				GCC_C_LANGUAGE_STANDARD = gnu11;
				GCC_NO_COMMON_BLOCKS = YES;
				GCC_WARN_64_TO_32_BIT_CONVERSION = YES;
				GCC_WARN_ABOUT_RETURN_TYPE = YES_ERROR;
				GCC_WARN_UNDECLARED_SELECTOR = YES;
				GCC_WARN_UNINITIALIZED_AUTOS = YES_AGGRESSIVE;
				GCC_WARN_UNUSED_FUNCTION = YES;
				GCC_WARN_UNUSED_VARIABLE = YES;
				IPHONEOS_DEPLOYMENT_TARGET = 15.4;
				MTL_ENABLE_DEBUG_INFO = NO;
				MTL_FAST_MATH = YES;
				SDKROOT = iphoneos;
				SWIFT_COMPILATION_MODE = wholemodule;
				SWIFT_OPTIMIZATION_LEVEL = "-O";
				VALIDATE_PRODUCT = YES;
			};
			name = Release;
		};
		AB9D6E0D281A8E16007D1535 /* Debug */ = {
			isa = XCBuildConfiguration;
			buildSettings = {
				ASSETCATALOG_COMPILER_APPICON_NAME = AppIcon;
				ASSETCATALOG_COMPILER_GLOBAL_ACCENT_COLOR_NAME = AccentColor;
				CODE_SIGN_STYLE = Automatic;
				CURRENT_PROJECT_VERSION = 1;
				DEVELOPMENT_ASSET_PATHS = "\"PASTArt/Preview Content\"";
				DEVELOPMENT_TEAM = 8QSTXVD8H9;
				ENABLE_PREVIEWS = YES;
				GENERATE_INFOPLIST_FILE = YES;
				INFOPLIST_KEY_UIApplicationSceneManifest_Generation = YES;
				INFOPLIST_KEY_UIApplicationSupportsIndirectInputEvents = YES;
				INFOPLIST_KEY_UILaunchScreen_Generation = YES;
				INFOPLIST_KEY_UISupportedInterfaceOrientations_iPad = "UIInterfaceOrientationPortrait UIInterfaceOrientationPortraitUpsideDown UIInterfaceOrientationLandscapeLeft UIInterfaceOrientationLandscapeRight";
				INFOPLIST_KEY_UISupportedInterfaceOrientations_iPhone = "UIInterfaceOrientationPortrait UIInterfaceOrientationLandscapeLeft UIInterfaceOrientationLandscapeRight";
				LD_RUNPATH_SEARCH_PATHS = (
					"$(inherited)",
					"@executable_path/Frameworks",
				);
				MARKETING_VERSION = 1.0;
				PRODUCT_BUNDLE_IDENTIFIER = Noasdaq.PASTArt;
				PRODUCT_NAME = "$(TARGET_NAME)";
				SWIFT_EMIT_LOC_STRINGS = YES;
				SWIFT_VERSION = 5.0;
				TARGETED_DEVICE_FAMILY = "1,2";
			};
			name = Debug;
		};
		AB9D6E0E281A8E16007D1535 /* Release */ = {
			isa = XCBuildConfiguration;
			buildSettings = {
				ASSETCATALOG_COMPILER_APPICON_NAME = AppIcon;
				ASSETCATALOG_COMPILER_GLOBAL_ACCENT_COLOR_NAME = AccentColor;
				CODE_SIGN_STYLE = Automatic;
				CURRENT_PROJECT_VERSION = 1;
				DEVELOPMENT_ASSET_PATHS = "\"PASTArt/Preview Content\"";
				DEVELOPMENT_TEAM = 8QSTXVD8H9;
				ENABLE_PREVIEWS = YES;
				GENERATE_INFOPLIST_FILE = YES;
				INFOPLIST_KEY_UIApplicationSceneManifest_Generation = YES;
				INFOPLIST_KEY_UIApplicationSupportsIndirectInputEvents = YES;
				INFOPLIST_KEY_UILaunchScreen_Generation = YES;
				INFOPLIST_KEY_UISupportedInterfaceOrientations_iPad = "UIInterfaceOrientationPortrait UIInterfaceOrientationPortraitUpsideDown UIInterfaceOrientationLandscapeLeft UIInterfaceOrientationLandscapeRight";
				INFOPLIST_KEY_UISupportedInterfaceOrientations_iPhone = "UIInterfaceOrientationPortrait UIInterfaceOrientationLandscapeLeft UIInterfaceOrientationLandscapeRight";
				LD_RUNPATH_SEARCH_PATHS = (
					"$(inherited)",
					"@executable_path/Frameworks",
				);
				MARKETING_VERSION = 1.0;
				PRODUCT_BUNDLE_IDENTIFIER = Noasdaq.PASTArt;
				PRODUCT_NAME = "$(TARGET_NAME)";
				SWIFT_EMIT_LOC_STRINGS = YES;
				SWIFT_VERSION = 5.0;
				TARGETED_DEVICE_FAMILY = "1,2";
			};
			name = Release;
		};
/* End XCBuildConfiguration section */

/* Begin XCConfigurationList section */
		AB9D6DF9281A8E14007D1535 /* Build configuration list for PBXProject "PASTArt" */ = {
			isa = XCConfigurationList;
			buildConfigurations = (
				AB9D6E0A281A8E16007D1535 /* Debug */,
				AB9D6E0B281A8E16007D1535 /* Release */,
			);
			defaultConfigurationIsVisible = 0;
			defaultConfigurationName = Release;
		};
		AB9D6E0C281A8E16007D1535 /* Build configuration list for PBXNativeTarget "PASTArt" */ = {
			isa = XCConfigurationList;
			buildConfigurations = (
				AB9D6E0D281A8E16007D1535 /* Debug */,
				AB9D6E0E281A8E16007D1535 /* Release */,
			);
			defaultConfigurationIsVisible = 0;
			defaultConfigurationName = Release;
		};
/* End XCConfigurationList section */
	};
	rootObject = AB9D6DF6281A8E14007D1535 /* Project object */;
}
